
Microsoft Visual Studio Solution File, Format Version 12.00
# Visual Studio Version 17
VisualStudioVersion = 17.13.35919.96 d17.13
MinimumVisualStudioVersion = 10.0.40219.1
Project("{FAE04EC0-301F-11D3-BF4B-00C04F79EFBC}") = "RentAcar", "RentAcar.csproj", "{74F7B225-24B2-418F-AB80-6DCC41371BCC}"
EndProject
Global
	GlobalSection(SolutionConfigurationPlatforms) = preSolution
		Debug|Any CPU = Debug|Any CPU
		Release|Any CPU = Release|Any CPU
	EndGlobalSection
	GlobalSection(ProjectConfigurationPlatforms) = postSolution
		{74F7B225-24B2-418F-AB80-6DCC41371BCC}.Debug|Any CPU.ActiveCfg = Debug|Any CPU
		{74F7B225-24B2-418F-AB80-6DCC41371BCC}.Debug|Any CPU.Build.0 = Debug|Any CPU
		{74F7B225-24B2-418F-AB80-6DCC41371BCC}.Release|Any CPU.ActiveCfg = Release|Any CPU
		{74F7B225-24B2-418F-AB80-6DCC41371BCC}.Release|Any CPU.Build.0 = Release|Any CPU
	EndGlobalSection
	GlobalSection(SolutionProperties) = preSolution
		HideSolutionNode = FALSE
	EndGlobalSection
	GlobalSection(ExtensibilityGlobals) = postSolution
		SolutionGuid = {1C54EFD7-83A3-4BD8-A965-6DEA22572411}
	EndGlobalSection
EndGlobal
